
Microsoft Visual Studio Solution File, Format Version 12.00
# Visual Studio Version 16
VisualStudioVersion = 16.0.29911.84
MinimumVisualStudioVersion = 10.0.40219.1
Project("{FAE04EC0-301F-11D3-BF4B-00C04F79EFBC}") = "Zadanie4", "Zadanie4.csproj", "{F52B7556-032B-4435-8383-A406CEE87299}"
EndProject
Global
	GlobalSection(SolutionConfigurationPlatforms) = preSolution
		Debug|Any CPU = Debug|Any CPU
		Release|Any CPU = Release|Any CPU
	EndGlobalSection
	GlobalSection(ProjectConfigurationPlatforms) = postSolution
		{F52B7556-032B-4435-8383-A406CEE87299}.Debug|Any CPU.ActiveCfg = Debug|Any CPU
		{F52B7556-032B-4435-8383-A406CEE87299}.Debug|Any CPU.Build.0 = Debug|Any CPU
		{F52B7556-032B-4435-8383-A406CEE87299}.Release|Any CPU.ActiveCfg = Release|Any CPU
		{F52B7556-032B-4435-8383-A406CEE87299}.Release|Any CPU.Build.0 = Release|Any CPU
	EndGlobalSection
	GlobalSection(SolutionProperties) = preSolution
		HideSolutionNode = FALSE
	EndGlobalSection
	GlobalSection(ExtensibilityGlobals) = postSolution
		SolutionGuid = {3C32C46A-2C43-4480-9B00-AA8169D78378}
	EndGlobalSection
EndGlobal
