
Microsoft Visual Studio Solution File, Format Version 12.00
# Visual Studio Version 16
VisualStudioVersion = 16.0.29911.84
MinimumVisualStudioVersion = 10.0.40219.1
Project("{9A19103F-16F7-4668-BE54-9A1E7A4F7556}") = "Zadanie3", "Zadanie3.csproj", "{D98D6A32-4706-456F-A0AE-2E73D6A410E2}"
EndProject
Global
	GlobalSection(SolutionConfigurationPlatforms) = preSolution
		Debug|Any CPU = Debug|Any CPU
		Release|Any CPU = Release|Any CPU
	EndGlobalSection
	GlobalSection(ProjectConfigurationPlatforms) = postSolution
		{D98D6A32-4706-456F-A0AE-2E73D6A410E2}.Debug|Any CPU.ActiveCfg = Debug|Any CPU
		{D98D6A32-4706-456F-A0AE-2E73D6A410E2}.Debug|Any CPU.Build.0 = Debug|Any CPU
		{D98D6A32-4706-456F-A0AE-2E73D6A410E2}.Release|Any CPU.ActiveCfg = Release|Any CPU
		{D98D6A32-4706-456F-A0AE-2E73D6A410E2}.Release|Any CPU.Build.0 = Release|Any CPU
	EndGlobalSection
	GlobalSection(SolutionProperties) = preSolution
		HideSolutionNode = FALSE
	EndGlobalSection
	GlobalSection(ExtensibilityGlobals) = postSolution
		SolutionGuid = {1EE8331A-A11B-487D-86D8-F6F21B06E4D1}
	EndGlobalSection
EndGlobal
