
Microsoft Visual Studio Solution File, Format Version 12.00
# Visual Studio Version 16
VisualStudioVersion = 16.0.29911.84
MinimumVisualStudioVersion = 10.0.40219.1
Project("{FAE04EC0-301F-11D3-BF4B-00C04F79EFBC}") = "Zadanie2", "Zadanie2.csproj", "{F61D00FB-7E2C-417A-BBBC-D3197B49D715}"
EndProject
Global
	GlobalSection(SolutionConfigurationPlatforms) = preSolution
		Debug|Any CPU = Debug|Any CPU
		Release|Any CPU = Release|Any CPU
	EndGlobalSection
	GlobalSection(ProjectConfigurationPlatforms) = postSolution
		{F61D00FB-7E2C-417A-BBBC-D3197B49D715}.Debug|Any CPU.ActiveCfg = Debug|Any CPU
		{F61D00FB-7E2C-417A-BBBC-D3197B49D715}.Debug|Any CPU.Build.0 = Debug|Any CPU
		{F61D00FB-7E2C-417A-BBBC-D3197B49D715}.Release|Any CPU.ActiveCfg = Release|Any CPU
		{F61D00FB-7E2C-417A-BBBC-D3197B49D715}.Release|Any CPU.Build.0 = Release|Any CPU
	EndGlobalSection
	GlobalSection(SolutionProperties) = preSolution
		HideSolutionNode = FALSE
	EndGlobalSection
	GlobalSection(ExtensibilityGlobals) = postSolution
		SolutionGuid = {417A18A6-11B8-47A3-BDD7-D3F677D59BB8}
	EndGlobalSection
EndGlobal
