
Microsoft Visual Studio Solution File, Format Version 12.00
# Visual Studio Version 16
VisualStudioVersion = 16.0.29911.84
MinimumVisualStudioVersion = 10.0.40219.1
Project("{FAE04EC0-301F-11D3-BF4B-00C04F79EFBC}") = "Zadanie1", "Zadanie1.csproj", "{7827133A-3C49-4C21-BB16-F8FD32BEBFBA}"
EndProject
Global
	GlobalSection(SolutionConfigurationPlatforms) = preSolution
		Debug|Any CPU = Debug|Any CPU
		Release|Any CPU = Release|Any CPU
	EndGlobalSection
	GlobalSection(ProjectConfigurationPlatforms) = postSolution
		{7827133A-3C49-4C21-BB16-F8FD32BEBFBA}.Debug|Any CPU.ActiveCfg = Debug|Any CPU
		{7827133A-3C49-4C21-BB16-F8FD32BEBFBA}.Debug|Any CPU.Build.0 = Debug|Any CPU
		{7827133A-3C49-4C21-BB16-F8FD32BEBFBA}.Release|Any CPU.ActiveCfg = Release|Any CPU
		{7827133A-3C49-4C21-BB16-F8FD32BEBFBA}.Release|Any CPU.Build.0 = Release|Any CPU
	EndGlobalSection
	GlobalSection(SolutionProperties) = preSolution
		HideSolutionNode = FALSE
	EndGlobalSection
	GlobalSection(ExtensibilityGlobals) = postSolution
		SolutionGuid = {366A47A2-2E9E-40E1-B7B7-3ACA0B305FCC}
	EndGlobalSection
EndGlobal
